
Microsoft Visual Studio Solution File, Format Version 12.00
# Visual Studio Version 16
VisualStudioVersion = 16.0.29911.84
MinimumVisualStudioVersion = 10.0.40219.1
Project("{9A19103F-16F7-4668-BE54-9A1E7A4F7556}") = "BugSmasher3000", "BugSmasher3000\BugSmasher3000.csproj", "{F5D174EC-7C54-4EA6-848B-FBD786055DB7}"
EndProject
Project("{00D1A9C2-B5F0-4AF3-8072-F6C62B433612}") = "BugSmasherData", "BugSmasherData\BugSmasherData.sqlproj", "{A7EECF35-CB0E-4E7D-8EB1-F6983B9D1491}"
EndProject
Project("{2150E333-8FDC-42A3-9474-1A3956D46DE8}") = "Solution Items", "Solution Items", "{1D824D3A-7CF4-4FE0-BA4F-F73348FDED1D}"
	ProjectSection(SolutionItems) = preProject
		.gitignore = .gitignore
	EndProjectSection
EndProject
Global
	GlobalSection(SolutionConfigurationPlatforms) = preSolution
		Debug|Any CPU = Debug|Any CPU
		Release|Any CPU = Release|Any CPU
	EndGlobalSection
	GlobalSection(ProjectConfigurationPlatforms) = postSolution
		{F5D174EC-7C54-4EA6-848B-FBD786055DB7}.Debug|Any CPU.ActiveCfg = Debug|Any CPU
		{F5D174EC-7C54-4EA6-848B-FBD786055DB7}.Debug|Any CPU.Build.0 = Debug|Any CPU
		{F5D174EC-7C54-4EA6-848B-FBD786055DB7}.Release|Any CPU.ActiveCfg = Release|Any CPU
		{F5D174EC-7C54-4EA6-848B-FBD786055DB7}.Release|Any CPU.Build.0 = Release|Any CPU
		{A7EECF35-CB0E-4E7D-8EB1-F6983B9D1491}.Debug|Any CPU.ActiveCfg = Debug|Any CPU
		{A7EECF35-CB0E-4E7D-8EB1-F6983B9D1491}.Debug|Any CPU.Build.0 = Debug|Any CPU
		{A7EECF35-CB0E-4E7D-8EB1-F6983B9D1491}.Debug|Any CPU.Deploy.0 = Debug|Any CPU
		{A7EECF35-CB0E-4E7D-8EB1-F6983B9D1491}.Release|Any CPU.ActiveCfg = Release|Any CPU
		{A7EECF35-CB0E-4E7D-8EB1-F6983B9D1491}.Release|Any CPU.Build.0 = Release|Any CPU
		{A7EECF35-CB0E-4E7D-8EB1-F6983B9D1491}.Release|Any CPU.Deploy.0 = Release|Any CPU
	EndGlobalSection
	GlobalSection(SolutionProperties) = preSolution
		HideSolutionNode = FALSE
	EndGlobalSection
	GlobalSection(ExtensibilityGlobals) = postSolution
		SolutionGuid = {59C1CCA4-BF93-47F9-B328-0CCF4A17A868}
	EndGlobalSection
EndGlobal
